
Microsoft Visual Studio Solution File, Format Version 12.00
# Visual Studio Version 16
VisualStudioVersion = 16.0.31624.102
MinimumVisualStudioVersion = 10.0.40219.1
Project("{9A19103F-16F7-4668-BE54-9A1E7A4F7556}") = "My_tip", "My_tip\My_tip.csproj", "{925FBAE8-77E1-4FE7-9F44-3AF630F50BDA}"
EndProject
Project("{FAE04EC0-301F-11D3-BF4B-00C04F79EFBC}") = "My_tipTests", "My_tipTests\My_tipTests.csproj", "{62FECA3A-8948-4008-9912-D74BCB8DEC3D}"
EndProject
Global
	GlobalSection(SolutionConfigurationPlatforms) = preSolution
		Debug|Any CPU = Debug|Any CPU
		Release|Any CPU = Release|Any CPU
	EndGlobalSection
	GlobalSection(ProjectConfigurationPlatforms) = postSolution
		{925FBAE8-77E1-4FE7-9F44-3AF630F50BDA}.Debug|Any CPU.ActiveCfg = Debug|Any CPU
		{925FBAE8-77E1-4FE7-9F44-3AF630F50BDA}.Debug|Any CPU.Build.0 = Debug|Any CPU
		{925FBAE8-77E1-4FE7-9F44-3AF630F50BDA}.Release|Any CPU.ActiveCfg = Release|Any CPU
		{925FBAE8-77E1-4FE7-9F44-3AF630F50BDA}.Release|Any CPU.Build.0 = Release|Any CPU
		{62FECA3A-8948-4008-9912-D74BCB8DEC3D}.Debug|Any CPU.ActiveCfg = Debug|Any CPU
		{62FECA3A-8948-4008-9912-D74BCB8DEC3D}.Debug|Any CPU.Build.0 = Debug|Any CPU
		{62FECA3A-8948-4008-9912-D74BCB8DEC3D}.Release|Any CPU.ActiveCfg = Release|Any CPU
		{62FECA3A-8948-4008-9912-D74BCB8DEC3D}.Release|Any CPU.Build.0 = Release|Any CPU
	EndGlobalSection
	GlobalSection(SolutionProperties) = preSolution
		HideSolutionNode = FALSE
	EndGlobalSection
	GlobalSection(ExtensibilityGlobals) = postSolution
		SolutionGuid = {3040D8FC-5E92-469F-B14E-04728FB506AE}
	EndGlobalSection
EndGlobal
